# THIS IS AN AUTOGENERATED FILE. DO NOT EDIT THIS FILE DIRECTLY.
# yarn lockfile v1


assertion-error@^1.0.1:
  version "1.0.2"
  resolved "https://registry.yarnpkg.com/assertion-error/-/assertion-error-1.0.2.tgz#13ca515d86206da0bac66e834dd397d87581094c"

balanced-match@^0.4.1:
  version "0.4.2"
  resolved "https://registry.yarnpkg.com/balanced-match/-/balanced-match-0.4.2.tgz#cb3f3e3c732dc0f01ee70b403f302e61d7709838"

brace-expansion@^1.0.0:
  version "1.1.7"
  resolved "https://registry.yarnpkg.com/brace-expansion/-/brace-expansion-1.1.7.tgz#3effc3c50e000531fb720eaff80f0ae8ef23cf59"
  dependencies:
    balanced-match "^0.4.1"
    concat-map "0.0.1"

chai-as-promised@^6.0.0:
  version "6.0.0"
  resolved "https://registry.yarnpkg.com/chai-as-promised/-/chai-as-promised-6.0.0.tgz#1a02a433a6f24dafac63b9c96fa1684db1aa8da6"
  dependencies:
    check-error "^1.0.2"

chai@^3.5.0:
  version "3.5.0"
  resolved "https://registry.yarnpkg.com/chai/-/chai-3.5.0.tgz#4d02637b067fe958bdbfdd3a40ec56fef7373247"
  dependencies:
    assertion-error "^1.0.1"
    deep-eql "^0.1.3"
    type-detect "^1.0.0"

check-error@^1.0.2:
  version "1.0.2"
  resolved "https://registry.yarnpkg.com/check-error/-/check-error-1.0.2.tgz#574d312edd88bb5dd8912e9286dd6c0aed4aac82"

colors@0.5.x:
  version "0.5.1"
  resolved "https://registry.yarnpkg.com/colors/-/colors-0.5.1.tgz#7d0023eaeb154e8ee9fce75dcb923d0ed1667774"

concat-map@0.0.1:
  version "0.0.1"
  resolved "https://registry.yarnpkg.com/concat-map/-/concat-map-0.0.1.tgz#d8a96bd77fd68df7793a73036a3ba0d5405d477b"

deep-eql@^0.1.3:
  version "0.1.3"
  resolved "https://registry.yarnpkg.com/deep-eql/-/deep-eql-0.1.3.tgz#ef558acab8de25206cd713906d74e56930eb69f2"
  dependencies:
    type-detect "0.1.1"

discontinuous-range@1.0.0:
  version "1.0.0"
  resolved "https://registry.yarnpkg.com/discontinuous-range/-/discontinuous-range-1.0.0.tgz#e38331f0844bba49b9a9cb71c771585aab1bc65a"

expand-home-dir@0.0.3:
  version "0.0.3"
  resolved "https://registry.yarnpkg.com/expand-home-dir/-/expand-home-dir-0.0.3.tgz#72de8a0486cc28a3bbd704635398825b5b62827d"

file-save@^0.2.0:
  version "0.2.0"
  resolved "https://registry.yarnpkg.com/file-save/-/file-save-0.2.0.tgz#39b20d0214e656b1417faa3c32d317b678545db7"
  dependencies:
    mkdirp "~0.5.0"

fs-extra@^3.0.1:
  version "3.0.1"
  resolved "https://registry.yarnpkg.com/fs-extra/-/fs-extra-3.0.1.tgz#3794f378c58b342ea7dbbb23095109c4b3b62291"
  dependencies:
    graceful-fs "^4.1.2"
    jsonfile "^3.0.0"
    universalify "^0.1.0"

fs.realpath@^1.0.0:
  version "1.0.0"
  resolved "https://registry.yarnpkg.com/fs.realpath/-/fs.realpath-1.0.0.tgz#1504ad2523158caa40db4a2787cb01411994ea4f"

glob@^7.0.0:
  version "7.1.1"
  resolved "https://registry.yarnpkg.com/glob/-/glob-7.1.1.tgz#805211df04faaf1c63a3600306cdf5ade50b2ec8"
  dependencies:
    fs.realpath "^1.0.0"
    inflight "^1.0.4"
    inherits "2"
    minimatch "^3.0.2"
    once "^1.3.0"
    path-is-absolute "^1.0.0"

graceful-fs@^4.1.2, graceful-fs@^4.1.6:
  version "4.1.11"
  resolved "https://registry.yarnpkg.com/graceful-fs/-/graceful-fs-4.1.11.tgz#0e8bdfe4d1ddb8854d64e04ea7c00e2a026e5658"

hm-def@^0.2.0:
  version "0.2.0"
  resolved "https://registry.yarnpkg.com/hm-def/-/hm-def-0.2.0.tgz#d3b9e96183824eb6fe9d433083622c3c8bef7fbb"
  dependencies:
    hm-parser "^0.1.3"
    ramda "^0.23.0"
    ramda-fantasy "^0.7.0"
    sanctuary-def "^0.9.0"

hm-parser@^0.1.3:
  version "0.1.3"
  resolved "https://registry.yarnpkg.com/hm-parser/-/hm-parser-0.1.3.tgz#05814f83f0e891e632888072e079137545686817"
  dependencies:
    nearley "^2.7.12"
    ramda "^0.23.0"

inflight@^1.0.4:
  version "1.0.6"
  resolved "https://registry.yarnpkg.com/inflight/-/inflight-1.0.6.tgz#49bd6331d7d02d0c09bc910a1075ba8165b56df9"
  dependencies:
    once "^1.3.0"
    wrappy "1"

inherits@2:
  version "2.0.3"
  resolved "https://registry.yarnpkg.com/inherits/-/inherits-2.0.3.tgz#633c2c83e3da42a502f52466022480f4208261de"

interpret@^1.0.0:
  version "1.0.2"
  resolved "https://registry.yarnpkg.com/interpret/-/interpret-1.0.2.tgz#f4f623f0bb7122f15f5717c8e254b8161b5c5b2d"

jsonfile@^3.0.0:
  version "3.0.0"
  resolved "https://registry.yarnpkg.com/jsonfile/-/jsonfile-3.0.0.tgz#92e7c7444e5ffd5fa32e6a9ae8b85034df8347d0"
  optionalDependencies:
    graceful-fs "^4.1.6"

minimatch@3.0.3, minimatch@^3.0.2:
  version "3.0.3"
  resolved "https://registry.yarnpkg.com/minimatch/-/minimatch-3.0.3.tgz#2a4e4090b96b2db06a9d7df01055a62a77c9b774"
  dependencies:
    brace-expansion "^1.0.0"

minimist@0.0.8:
  version "0.0.8"
  resolved "https://registry.yarnpkg.com/minimist/-/minimist-0.0.8.tgz#857fcabfc3397d2625b8228262e86aa7a011b05d"

mkdirp@~0.5.0:
  version "0.5.1"
  resolved "https://registry.yarnpkg.com/mkdirp/-/mkdirp-0.5.1.tgz#30057438eac6cf7f8c4767f38648d6697d75c903"
  dependencies:
    minimist "0.0.8"

nearley@^2.7.12:
  version "2.9.2"
  resolved "https://registry.yarnpkg.com/nearley/-/nearley-2.9.2.tgz#b06e36b2341403a43e20b7da1f1d6a553f7389ea"
  dependencies:
    nomnom "~1.6.2"
    railroad-diagrams "^1.0.0"
    randexp "^0.4.2"

nomnom@~1.6.2:
  version "1.6.2"
  resolved "https://registry.yarnpkg.com/nomnom/-/nomnom-1.6.2.tgz#84a66a260174408fc5b77a18f888eccc44fb6971"
  dependencies:
    colors "0.5.x"
    underscore "~1.4.4"

once@^1.3.0:
  version "1.4.0"
  resolved "https://registry.yarnpkg.com/once/-/once-1.4.0.tgz#583b1aa775961d4b113ac17d9c50baef9dd76bd1"
  dependencies:
    wrappy "1"

path-is-absolute@^1.0.0:
  version "1.0.1"
  resolved "https://registry.yarnpkg.com/path-is-absolute/-/path-is-absolute-1.0.1.tgz#174b9268735534ffbc7ace6bf53a5a9e1b5c5f5f"

path-parse@^1.0.5:
  version "1.0.5"
  resolved "https://registry.yarnpkg.com/path-parse/-/path-parse-1.0.5.tgz#3c1adf871ea9cd6c9431b6ea2bd74a0ff055c4c1"

railroad-diagrams@^1.0.0:
  version "1.0.0"
  resolved "https://registry.yarnpkg.com/railroad-diagrams/-/railroad-diagrams-1.0.0.tgz#eb7e6267548ddedfb899c1b90e57374559cddb7e"

ramda-fantasy@^0.7.0:
  version "0.7.0"
  resolved "https://registry.yarnpkg.com/ramda-fantasy/-/ramda-fantasy-0.7.0.tgz#ac77a7a5d55dfc1ddc224ac418e9be8900c65d17"
  dependencies:
    ramda ">=0.15.0"

ramda@>=0.15.0, ramda@^0.23.0:
  version "0.23.0"
  resolved "https://registry.yarnpkg.com/ramda/-/ramda-0.23.0.tgz#ccd13fff73497a93974e3e86327bfd87bd6e8e2b"

randexp@^0.4.2:
  version "0.4.5"
  resolved "https://registry.yarnpkg.com/randexp/-/randexp-0.4.5.tgz#ffe3a80c3f666cd71e6b008e477e584c1a32ff3e"
  dependencies:
    discontinuous-range "1.0.0"
    ret "~0.1.10"

rechoir@^0.6.2:
  version "0.6.2"
  resolved "https://registry.yarnpkg.com/rechoir/-/rechoir-0.6.2.tgz#85204b54dba82d5742e28c96756ef43af50e3384"
  dependencies:
    resolve "^1.1.6"

recursive-readdir@^2.1.0:
  version "2.1.1"
  resolved "https://registry.yarnpkg.com/recursive-readdir/-/recursive-readdir-2.1.1.tgz#a01cfc7f7f38a53ec096a096f63a50489c3e297c"
  dependencies:
    minimatch "3.0.3"

resolve@^1.1.6:
  version "1.3.2"
  resolved "https://registry.yarnpkg.com/resolve/-/resolve-1.3.2.tgz#1f0442c9e0cbb8136e87b9305f932f46c7f28235"
  dependencies:
    path-parse "^1.0.5"

ret@~0.1.10:
  version "0.1.14"
  resolved "https://registry.yarnpkg.com/ret/-/ret-0.1.14.tgz#58c636837b12e161f8a380cf081c6a230fd1664e"

sanctuary-def@^0.9.0:
  version "0.9.0"
  resolved "https://registry.yarnpkg.com/sanctuary-def/-/sanctuary-def-0.9.0.tgz#a54bc330ec955d0ef47752317a01657db6d4760e"
  dependencies:
    sanctuary-type-classes "2.0.x"
    sanctuary-type-identifiers "1.0.x"

sanctuary-type-classes@2.0.x:
  version "2.0.1"
  resolved "https://registry.yarnpkg.com/sanctuary-type-classes/-/sanctuary-type-classes-2.0.1.tgz#06b6cfd78e3e8d85cd93f5c2d7b08796b68d1e74"
  dependencies:
    sanctuary-type-identifiers "1.0.x"

sanctuary-type-identifiers@1.0.x:
  version "1.0.0"
  resolved "https://registry.yarnpkg.com/sanctuary-type-identifiers/-/sanctuary-type-identifiers-1.0.0.tgz#e8f359f006cb5e624cfb8464603fc114608bde9f"

shelljs@^0.7.7:
  version "0.7.7"
  resolved "https://registry.yarnpkg.com/shelljs/-/shelljs-0.7.7.tgz#b2f5c77ef97148f4b4f6e22682e10bba8667cff1"
  dependencies:
    glob "^7.0.0"
    interpret "^1.0.0"
    rechoir "^0.6.2"

type-detect@0.1.1:
  version "0.1.1"
  resolved "https://registry.yarnpkg.com/type-detect/-/type-detect-0.1.1.tgz#0ba5ec2a885640e470ea4e8505971900dac58822"

type-detect@^1.0.0:
  version "1.0.0"
  resolved "https://registry.yarnpkg.com/type-detect/-/type-detect-1.0.0.tgz#762217cc06db258ec48908a1298e8b95121e8ea2"

underscore@~1.4.4:
  version "1.4.4"
  resolved "https://registry.yarnpkg.com/underscore/-/underscore-1.4.4.tgz#61a6a32010622afa07963bf325203cf12239d604"

universalify@^0.1.0:
  version "0.1.0"
  resolved "https://registry.yarnpkg.com/universalify/-/universalify-0.1.0.tgz#9eb1c4651debcc670cc94f1a75762332bb967778"

wrappy@1:
  version "1.0.2"
  resolved "https://registry.yarnpkg.com/wrappy/-/wrappy-1.0.2.tgz#b5243d8f3ec1aa35f1364605bc0d1036e30ab69f"
