# THIS IS AN AUTOGENERATED FILE. DO NOT EDIT THIS FILE DIRECTLY.
# yarn lockfile v1


ansi-escapes@^2.0.0:
  version "2.0.0"
  resolved "https://registry.yarnpkg.com/ansi-escapes/-/ansi-escapes-2.0.0.tgz#5bae52be424878dd9783e8910e3fc2922e83c81b"

ansi-regex@^2.1.1:
  version "2.1.1"
  resolved "https://registry.yarnpkg.com/ansi-regex/-/ansi-regex-2.1.1.tgz#c3b33ab5ee360d86e0e628f0468ae7ef27d654df"

ansi-regex@^3.0.0:
  version "3.0.0"
  resolved "https://registry.yarnpkg.com/ansi-regex/-/ansi-regex-3.0.0.tgz#ed0317c322064f79466c02966bddb605ab37d998"

ansi-styles@^3.1.0:
  version "3.1.0"
  resolved "https://registry.yarnpkg.com/ansi-styles/-/ansi-styles-3.1.0.tgz#09c202d5c917ec23188caa5c9cb9179cd9547750"
  dependencies:
    color-convert "^1.0.0"

argparse@^1.0.7:
  version "1.0.9"
  resolved "https://registry.yarnpkg.com/argparse/-/argparse-1.0.9.tgz#73d83bc263f86e97f8cc4f6bae1b0e90a7d22c86"
  dependencies:
    sprintf-js "~1.0.2"

assertion-error@^1.0.1:
  version "1.0.2"
  resolved "https://registry.yarnpkg.com/assertion-error/-/assertion-error-1.0.2.tgz#13ca515d86206da0bac66e834dd397d87581094c"

async@^2.0.1:
  version "2.4.1"
  resolved "https://registry.yarnpkg.com/async/-/async-2.4.1.tgz#62a56b279c98a11d0987096a01cc3eeb8eb7bbd7"
  dependencies:
    lodash "^4.14.0"

babel-runtime@^6.23.0:
  version "6.23.0"
  resolved "https://registry.yarnpkg.com/babel-runtime/-/babel-runtime-6.23.0.tgz#0a9489f144de70efb3ce4300accdb329e2fc543b"
  dependencies:
    core-js "^2.4.0"
    regenerator-runtime "^0.10.0"

btoa@1.1.2:
  version "1.1.2"
  resolved "https://registry.yarnpkg.com/btoa/-/btoa-1.1.2.tgz#3e40b81663f81d2dd6596a4cb714a8dc16cfabe0"

chai@^4.0.0:
  version "4.0.0"
  resolved "https://registry.yarnpkg.com/chai/-/chai-4.0.0.tgz#f6c989e45a5707d40c54d97ddd7ca89b30a6a06a"
  dependencies:
    assertion-error "^1.0.1"
    check-error "^1.0.1"
    deep-eql "^2.0.1"
    get-func-name "^2.0.0"
    pathval "^1.0.0"
    type-detect "^4.0.0"

chalk@^2.0.0:
  version "2.0.1"
  resolved "https://registry.yarnpkg.com/chalk/-/chalk-2.0.1.tgz#dbec49436d2ae15f536114e76d14656cdbc0f44d"
  dependencies:
    ansi-styles "^3.1.0"
    escape-string-regexp "^1.0.5"
    supports-color "^4.0.0"

check-error@^1.0.1:
  version "1.0.2"
  resolved "https://registry.yarnpkg.com/check-error/-/check-error-1.0.2.tgz#574d312edd88bb5dd8912e9286dd6c0aed4aac82"

child-process-promise@^2.2.1:
  version "2.2.1"
  resolved "https://registry.yarnpkg.com/child-process-promise/-/child-process-promise-2.2.1.tgz#4730a11ef610fad450b8f223c79d31d7bdad8074"
  dependencies:
    cross-spawn "^4.0.2"
    node-version "^1.0.0"
    promise-polyfill "^6.0.1"

cli-color@^1.1.0:
  version "1.2.0"
  resolved "https://registry.yarnpkg.com/cli-color/-/cli-color-1.2.0.tgz#3a5ae74fd76b6267af666e69e2afbbd01def34d1"
  dependencies:
    ansi-regex "^2.1.1"
    d "1"
    es5-ext "^0.10.12"
    es6-iterator "2"
    memoizee "^0.4.3"
    timers-ext "0.1"

cli-cursor@^2.1.0:
  version "2.1.0"
  resolved "https://registry.yarnpkg.com/cli-cursor/-/cli-cursor-2.1.0.tgz#b35dac376479facc3e94747d41d0d0f5238ffcb5"
  dependencies:
    restore-cursor "^2.0.0"

cli-width@^2.0.0:
  version "2.1.0"
  resolved "https://registry.yarnpkg.com/cli-width/-/cli-width-2.1.0.tgz#b234ca209b29ef66fc518d9b98d5847b00edf00a"

color-convert@^1.0.0:
  version "1.9.0"
  resolved "https://registry.yarnpkg.com/color-convert/-/color-convert-1.9.0.tgz#1accf97dd739b983bf994d56fec8f95853641b7a"
  dependencies:
    color-name "^1.1.1"

color-name@^1.1.1:
  version "1.1.2"
  resolved "https://registry.yarnpkg.com/color-name/-/color-name-1.1.2.tgz#5c8ab72b64bd2215d617ae9559ebb148475cf98d"

colors@0.5.x:
  version "0.5.1"
  resolved "https://registry.yarnpkg.com/colors/-/colors-0.5.1.tgz#7d0023eaeb154e8ee9fce75dcb923d0ed1667774"

combined-stream@^1.0.5:
  version "1.0.5"
  resolved "https://registry.yarnpkg.com/combined-stream/-/combined-stream-1.0.5.tgz#938370a57b4a51dea2c77c15d5c5fdf895164009"
  dependencies:
    delayed-stream "~1.0.0"

core-js@^2.4.0:
  version "2.4.1"
  resolved "https://registry.yarnpkg.com/core-js/-/core-js-2.4.1.tgz#4de911e667b0eae9124e34254b53aea6fc618d3e"

cross-spawn@^4.0.2:
  version "4.0.2"
  resolved "https://registry.yarnpkg.com/cross-spawn/-/cross-spawn-4.0.2.tgz#7b9247621c23adfdd3856004a823cbe397424d41"
  dependencies:
    lru-cache "^4.0.1"
    which "^1.2.9"

d@1:
  version "1.0.0"
  resolved "https://registry.yarnpkg.com/d/-/d-1.0.0.tgz#754bb5bfe55451da69a58b94d45f4c5b0462d58f"
  dependencies:
    es5-ext "^0.10.9"

deep-eql@^2.0.1:
  version "2.0.2"
  resolved "https://registry.yarnpkg.com/deep-eql/-/deep-eql-2.0.2.tgz#b1bac06e56f0a76777686d50c9feb75c2ed7679a"
  dependencies:
    type-detect "^3.0.0"

deep-extend@^0.4.1:
  version "0.4.2"
  resolved "https://registry.yarnpkg.com/deep-extend/-/deep-extend-0.4.2.tgz#48b699c27e334bf89f10892be432f6e4c7d34a7f"

delayed-stream@~1.0.0:
  version "1.0.0"
  resolved "https://registry.yarnpkg.com/delayed-stream/-/delayed-stream-1.0.0.tgz#df3ae199acadfb7d440aaae0b29e2272b24ec619"

discontinuous-range@1.0.0:
  version "1.0.0"
  resolved "https://registry.yarnpkg.com/discontinuous-range/-/discontinuous-range-1.0.0.tgz#e38331f0844bba49b9a9cb71c771585aab1bc65a"

docopt@^0.6.2:
  version "0.6.2"
  resolved "https://registry.yarnpkg.com/docopt/-/docopt-0.6.2.tgz#b28e9e2220da5ec49f7ea5bb24a47787405eeb11"

encoding@^0.1.11:
  version "0.1.12"
  resolved "https://registry.yarnpkg.com/encoding/-/encoding-0.1.12.tgz#538b66f3ee62cd1ab51ec323829d1f9480c74beb"
  dependencies:
    iconv-lite "~0.4.13"

es5-ext@^0.10.12, es5-ext@^0.10.13, es5-ext@^0.10.14, es5-ext@^0.10.9, es5-ext@~0.10.14, es5-ext@~0.10.2:
  version "0.10.15"
  resolved "https://registry.yarnpkg.com/es5-ext/-/es5-ext-0.10.15.tgz#c330a5934c1ee21284a7c081a86e5fd937c91ea6"
  dependencies:
    es6-iterator "2"
    es6-symbol "~3.1"

es6-iterator@2, es6-iterator@^2.0.1:
  version "2.0.1"
  resolved "https://registry.yarnpkg.com/es6-iterator/-/es6-iterator-2.0.1.tgz#8e319c9f0453bf575d374940a655920e59ca5512"
  dependencies:
    d "1"
    es5-ext "^0.10.14"
    es6-symbol "^3.1"

es6-symbol@^3.1, es6-symbol@^3.1.1, es6-symbol@~3.1:
  version "3.1.1"
  resolved "https://registry.yarnpkg.com/es6-symbol/-/es6-symbol-3.1.1.tgz#bf00ef4fdab6ba1b46ecb7b629b4c7ed5715cc77"
  dependencies:
    d "1"
    es5-ext "~0.10.14"

es6-weak-map@^2.0.1:
  version "2.0.2"
  resolved "https://registry.yarnpkg.com/es6-weak-map/-/es6-weak-map-2.0.2.tgz#5e3ab32251ffd1538a1f8e5ffa1357772f92d96f"
  dependencies:
    d "1"
    es5-ext "^0.10.14"
    es6-iterator "^2.0.1"
    es6-symbol "^3.1.1"

escape-string-regexp@^1.0.5:
  version "1.0.5"
  resolved "https://registry.yarnpkg.com/escape-string-regexp/-/escape-string-regexp-1.0.5.tgz#1b61c0562190a8dff6ae3bb2cf0200ca130b86d4"

esprima@^3.1.1:
  version "3.1.3"
  resolved "https://registry.yarnpkg.com/esprima/-/esprima-3.1.3.tgz#fdca51cee6133895e3c88d535ce49dbff62a4633"

event-emitter@^0.3.4:
  version "0.3.5"
  resolved "https://registry.yarnpkg.com/event-emitter/-/event-emitter-0.3.5.tgz#df8c69eef1647923c7157b9ce83840610b02cc39"
  dependencies:
    d "1"
    es5-ext "~0.10.14"

external-editor@^2.0.4:
  version "2.0.4"
  resolved "https://registry.yarnpkg.com/external-editor/-/external-editor-2.0.4.tgz#1ed9199da9cbfe2ef2f7a31b2fde8b0d12368972"
  dependencies:
    iconv-lite "^0.4.17"
    jschardet "^1.4.2"
    tmp "^0.0.31"

fast-json-patch@~1.1.8:
  version "1.1.10"
  resolved "https://registry.yarnpkg.com/fast-json-patch/-/fast-json-patch-1.1.10.tgz#d4e6739202ab948af82dd5f24496cab737b5c50a"

figures@^2.0.0:
  version "2.0.0"
  resolved "https://registry.yarnpkg.com/figures/-/figures-2.0.0.tgz#3ab1a2d2a62c8bfb431a0c94cb797a2fce27c962"
  dependencies:
    escape-string-regexp "^1.0.5"

form-data@^1.0.0-rc3:
  version "1.0.1"
  resolved "https://registry.yarnpkg.com/form-data/-/form-data-1.0.1.tgz#ae315db9a4907fa065502304a66d7733475ee37c"
  dependencies:
    async "^2.0.1"
    combined-stream "^1.0.5"
    mime-types "^2.1.11"

fs-extra@^3.0.1:
  version "3.0.1"
  resolved "https://registry.yarnpkg.com/fs-extra/-/fs-extra-3.0.1.tgz#3794f378c58b342ea7dbbb23095109c4b3b62291"
  dependencies:
    graceful-fs "^4.1.2"
    jsonfile "^3.0.0"
    universalify "^0.1.0"

get-func-name@^2.0.0:
  version "2.0.0"
  resolved "https://registry.yarnpkg.com/get-func-name/-/get-func-name-2.0.0.tgz#ead774abee72e20409433a066366023dd6887a41"

graceful-fs@^4.1.2, graceful-fs@^4.1.6:
  version "4.1.11"
  resolved "https://registry.yarnpkg.com/graceful-fs/-/graceful-fs-4.1.11.tgz#0e8bdfe4d1ddb8854d64e04ea7c00e2a026e5658"

has-flag@^2.0.0:
  version "2.0.0"
  resolved "https://registry.yarnpkg.com/has-flag/-/has-flag-2.0.0.tgz#e8207af1cc7b30d446cc70b734b5e8be18f88d51"

hm-def@^0.2.0:
  version "0.2.0"
  resolved "https://registry.yarnpkg.com/hm-def/-/hm-def-0.2.0.tgz#d3b9e96183824eb6fe9d433083622c3c8bef7fbb"
  dependencies:
    hm-parser "^0.1.3"
    ramda "^0.23.0"
    ramda-fantasy "^0.7.0"
    sanctuary-def "^0.9.0"

hm-parser@^0.1.3:
  version "0.1.3"
  resolved "https://registry.yarnpkg.com/hm-parser/-/hm-parser-0.1.3.tgz#05814f83f0e891e632888072e079137545686817"
  dependencies:
    nearley "^2.7.12"
    ramda "^0.23.0"

iconv-lite@^0.4.17:
  version "0.4.18"
  resolved "https://registry.yarnpkg.com/iconv-lite/-/iconv-lite-0.4.18.tgz#23d8656b16aae6742ac29732ea8f0336a4789cf2"

iconv-lite@~0.4.13:
  version "0.4.17"
  resolved "https://registry.yarnpkg.com/iconv-lite/-/iconv-lite-0.4.17.tgz#4fdaa3b38acbc2c031b045d0edcdfe1ecab18c8d"

inquirer@^3.2.0:
  version "3.2.0"
  resolved "https://registry.yarnpkg.com/inquirer/-/inquirer-3.2.0.tgz#45b44c2160c729d7578c54060b3eed94487bb42b"
  dependencies:
    ansi-escapes "^2.0.0"
    chalk "^2.0.0"
    cli-cursor "^2.1.0"
    cli-width "^2.0.0"
    external-editor "^2.0.4"
    figures "^2.0.0"
    lodash "^4.3.0"
    mute-stream "0.0.7"
    run-async "^2.2.0"
    rx-lite "^4.0.8"
    rx-lite-aggregates "^4.0.8"
    string-width "^2.1.0"
    strip-ansi "^4.0.0"
    through "^2.3.6"

is-fullwidth-code-point@^2.0.0:
  version "2.0.0"
  resolved "https://registry.yarnpkg.com/is-fullwidth-code-point/-/is-fullwidth-code-point-2.0.0.tgz#a3b30a5c4f199183167aaab93beefae3ddfb654f"

is-promise@^2.1, is-promise@^2.1.0:
  version "2.1.0"
  resolved "https://registry.yarnpkg.com/is-promise/-/is-promise-2.1.0.tgz#79a2a9ece7f096e80f36d2b2f3bc16c1ff4bf3fa"

is-stream@^1.0.1:
  version "1.1.0"
  resolved "https://registry.yarnpkg.com/is-stream/-/is-stream-1.1.0.tgz#12d4a3dd4e68e0b79ceb8dbc84173ae80d91ca44"

isexe@^2.0.0:
  version "2.0.0"
  resolved "https://registry.yarnpkg.com/isexe/-/isexe-2.0.0.tgz#e8fbf374dc556ff8947a10dcb0572d633f2cfa10"

isomorphic-fetch@2.2.1:
  version "2.2.1"
  resolved "https://registry.yarnpkg.com/isomorphic-fetch/-/isomorphic-fetch-2.2.1.tgz#611ae1acf14f5e81f729507472819fe9733558a9"
  dependencies:
    node-fetch "^1.0.1"
    whatwg-fetch ">=0.10.0"

isomorphic-form-data@0.0.1:
  version "0.0.1"
  resolved "https://registry.yarnpkg.com/isomorphic-form-data/-/isomorphic-form-data-0.0.1.tgz#026f627e032b0cd8413ecc8755928b94a468b062"
  dependencies:
    form-data "^1.0.0-rc3"

js-yaml@^3.8.1:
  version "3.8.4"
  resolved "https://registry.yarnpkg.com/js-yaml/-/js-yaml-3.8.4.tgz#520b4564f86573ba96662af85a8cafa7b4b5a6f6"
  dependencies:
    argparse "^1.0.7"
    esprima "^3.1.1"

jschardet@^1.4.2:
  version "1.4.2"
  resolved "https://registry.yarnpkg.com/jschardet/-/jschardet-1.4.2.tgz#2aa107f142af4121d145659d44f50830961e699a"

jsonfile@^3.0.0:
  version "3.0.0"
  resolved "https://registry.yarnpkg.com/jsonfile/-/jsonfile-3.0.0.tgz#92e7c7444e5ffd5fa32e6a9ae8b85034df8347d0"
  optionalDependencies:
    graceful-fs "^4.1.6"

lodash@4.16.2, lodash@^4.14.0:
  version "4.16.2"
  resolved "https://registry.yarnpkg.com/lodash/-/lodash-4.16.2.tgz#3e626db827048a699281a8a125226326cfc0e652"

lodash@^4.3.0:
  version "4.17.4"
  resolved "https://registry.yarnpkg.com/lodash/-/lodash-4.17.4.tgz#78203a4d1c328ae1d86dca6460e369b57f4055ae"

lru-cache@^4.0.1:
  version "4.0.2"
  resolved "https://registry.yarnpkg.com/lru-cache/-/lru-cache-4.0.2.tgz#1d17679c069cda5d040991a09dbc2c0db377e55e"
  dependencies:
    pseudomap "^1.0.1"
    yallist "^2.0.0"

lru-queue@0.1:
  version "0.1.0"
  resolved "https://registry.yarnpkg.com/lru-queue/-/lru-queue-0.1.0.tgz#2738bd9f0d3cf4f84490c5736c48699ac632cda3"
  dependencies:
    es5-ext "~0.10.2"

memoizee@^0.4.3:
  version "0.4.4"
  resolved "https://registry.yarnpkg.com/memoizee/-/memoizee-0.4.4.tgz#ecf4b791a09cd11c970203f80682534730fad78f"
  dependencies:
    d "1"
    es5-ext "^0.10.13"
    es6-weak-map "^2.0.1"
    event-emitter "^0.3.4"
    is-promise "^2.1"
    lru-queue "0.1"
    next-tick "1"
    timers-ext "0.1"

mime-db@~1.27.0:
  version "1.27.0"
  resolved "https://registry.yarnpkg.com/mime-db/-/mime-db-1.27.0.tgz#820f572296bbd20ec25ed55e5b5de869e5436eb1"

mime-types@^2.1.11:
  version "2.1.15"
  resolved "https://registry.yarnpkg.com/mime-types/-/mime-types-2.1.15.tgz#a4ebf5064094569237b8cf70046776d09fc92aed"
  dependencies:
    mime-db "~1.27.0"

mimic-fn@^1.0.0:
  version "1.1.0"
  resolved "https://registry.yarnpkg.com/mimic-fn/-/mimic-fn-1.1.0.tgz#e667783d92e89dbd342818b5230b9d62a672ad18"

mute-stream@0.0.7:
  version "0.0.7"
  resolved "https://registry.yarnpkg.com/mute-stream/-/mute-stream-0.0.7.tgz#3075ce93bc21b8fab43e1bc4da7e8115ed1e7bab"

nearley@^2.7.12:
  version "2.10.0"
  resolved "https://registry.yarnpkg.com/nearley/-/nearley-2.10.0.tgz#3ca2f086ea9e0477734e7801b015c51127df23cc"
  dependencies:
    nomnom "~1.6.2"
    railroad-diagrams "^1.0.0"
    randexp "^0.4.2"

next-tick@1:
  version "1.0.0"
  resolved "https://registry.yarnpkg.com/next-tick/-/next-tick-1.0.0.tgz#ca86d1fe8828169b0120208e3dc8424b9db8342c"

node-fetch@^1.0.1:
  version "1.7.1"
  resolved "https://registry.yarnpkg.com/node-fetch/-/node-fetch-1.7.1.tgz#899cb3d0a3c92f952c47f1b876f4c8aeabd400d5"
  dependencies:
    encoding "^0.1.11"
    is-stream "^1.0.1"

node-version@^1.0.0:
  version "1.0.0"
  resolved "https://registry.yarnpkg.com/node-version/-/node-version-1.0.0.tgz#1b9b9584a9a7f7a6123f215cd14a652bf21ab19e"

nomnom@~1.6.2:
  version "1.6.2"
  resolved "https://registry.yarnpkg.com/nomnom/-/nomnom-1.6.2.tgz#84a66a260174408fc5b77a18f888eccc44fb6971"
  dependencies:
    colors "0.5.x"
    underscore "~1.4.4"

onetime@^2.0.0:
  version "2.0.1"
  resolved "https://registry.yarnpkg.com/onetime/-/onetime-2.0.1.tgz#067428230fd67443b2794b22bba528b6867962d4"
  dependencies:
    mimic-fn "^1.0.0"

os-tmpdir@~1.0.1:
  version "1.0.2"
  resolved "https://registry.yarnpkg.com/os-tmpdir/-/os-tmpdir-1.0.2.tgz#bbe67406c79aa85c5cfec766fe5734555dfa1274"

pathval@^1.0.0:
  version "1.1.0"
  resolved "https://registry.yarnpkg.com/pathval/-/pathval-1.1.0.tgz#b942e6d4bde653005ef6b71361def8727d0645e0"

promise-polyfill@^6.0.1:
  version "6.0.2"
  resolved "https://registry.yarnpkg.com/promise-polyfill/-/promise-polyfill-6.0.2.tgz#d9c86d3dc4dc2df9016e88946defd69b49b41162"

pseudomap@^1.0.1:
  version "1.0.2"
  resolved "https://registry.yarnpkg.com/pseudomap/-/pseudomap-1.0.2.tgz#f052a28da70e618917ef0a8ac34c1ae5a68286b3"

punycode@1.3.2:
  version "1.3.2"
  resolved "https://registry.yarnpkg.com/punycode/-/punycode-1.3.2.tgz#9653a036fb7c1ee42342f2325cceefea3926c48d"

qs@^6.3.0:
  version "6.4.0"
  resolved "https://registry.yarnpkg.com/qs/-/qs-6.4.0.tgz#13e26d28ad6b0ffaa91312cd3bf708ed351e7233"

querystring@0.2.0:
  version "0.2.0"
  resolved "https://registry.yarnpkg.com/querystring/-/querystring-0.2.0.tgz#b209849203bb25df820da756e747005878521620"

railroad-diagrams@^1.0.0:
  version "1.0.0"
  resolved "https://registry.yarnpkg.com/railroad-diagrams/-/railroad-diagrams-1.0.0.tgz#eb7e6267548ddedfb899c1b90e57374559cddb7e"

ramda-fantasy@^0.7.0:
  version "0.7.0"
  resolved "https://registry.yarnpkg.com/ramda-fantasy/-/ramda-fantasy-0.7.0.tgz#ac77a7a5d55dfc1ddc224ac418e9be8900c65d17"
  dependencies:
    ramda ">=0.15.0"

ramda-fantasy@^0.8.0:
  version "0.8.0"
  resolved "https://registry.yarnpkg.com/ramda-fantasy/-/ramda-fantasy-0.8.0.tgz#9e8c37d93ec0a70796cfc10873dd9c50850390f6"
  dependencies:
    ramda ">=0.15.0"

ramda@>=0.15.0, ramda@^0.23.0:
  version "0.23.0"
  resolved "https://registry.yarnpkg.com/ramda/-/ramda-0.23.0.tgz#ccd13fff73497a93974e3e86327bfd87bd6e8e2b"

randexp@^0.4.2:
  version "0.4.5"
  resolved "https://registry.yarnpkg.com/randexp/-/randexp-0.4.5.tgz#ffe3a80c3f666cd71e6b008e477e584c1a32ff3e"
  dependencies:
    discontinuous-range "1.0.0"
    ret "~0.1.10"

regenerator-runtime@^0.10.0:
  version "0.10.5"
  resolved "https://registry.yarnpkg.com/regenerator-runtime/-/regenerator-runtime-0.10.5.tgz#336c3efc1220adcedda2c9fab67b5a7955a33658"

restore-cursor@^2.0.0:
  version "2.0.0"
  resolved "https://registry.yarnpkg.com/restore-cursor/-/restore-cursor-2.0.0.tgz#9f7ee287f82fd326d4fd162923d62129eee0dfaf"
  dependencies:
    onetime "^2.0.0"
    signal-exit "^3.0.2"

ret@~0.1.10:
  version "0.1.14"
  resolved "https://registry.yarnpkg.com/ret/-/ret-0.1.14.tgz#58c636837b12e161f8a380cf081c6a230fd1664e"

run-async@^2.2.0:
  version "2.3.0"
  resolved "https://registry.yarnpkg.com/run-async/-/run-async-2.3.0.tgz#0371ab4ae0bdd720d4166d7dfda64ff7a445a6c0"
  dependencies:
    is-promise "^2.1.0"

rx-lite-aggregates@^4.0.8:
  version "4.0.8"
  resolved "https://registry.yarnpkg.com/rx-lite-aggregates/-/rx-lite-aggregates-4.0.8.tgz#753b87a89a11c95467c4ac1626c4efc4e05c67be"
  dependencies:
    rx-lite "*"

rx-lite@*, rx-lite@^4.0.8:
  version "4.0.8"
  resolved "https://registry.yarnpkg.com/rx-lite/-/rx-lite-4.0.8.tgz#0b1e11af8bc44836f04a6407e92da42467b79444"

sanctuary-def@^0.12.1:
  version "0.12.1"
  resolved "https://registry.yarnpkg.com/sanctuary-def/-/sanctuary-def-0.12.1.tgz#bb9b2ad9407b1519d1ee61fd293b24e86a2044b3"
  dependencies:
    sanctuary-type-classes "6.0.x"
    sanctuary-type-identifiers "2.0.x"

sanctuary-def@^0.9.0:
  version "0.9.0"
  resolved "https://registry.yarnpkg.com/sanctuary-def/-/sanctuary-def-0.9.0.tgz#a54bc330ec955d0ef47752317a01657db6d4760e"
  dependencies:
    sanctuary-type-classes "2.0.x"
    sanctuary-type-identifiers "1.0.x"

sanctuary-type-classes@2.0.x:
  version "2.0.1"
  resolved "https://registry.yarnpkg.com/sanctuary-type-classes/-/sanctuary-type-classes-2.0.1.tgz#06b6cfd78e3e8d85cd93f5c2d7b08796b68d1e74"
  dependencies:
    sanctuary-type-identifiers "1.0.x"

sanctuary-type-classes@6.0.x:
  version "6.0.0"
  resolved "https://registry.yarnpkg.com/sanctuary-type-classes/-/sanctuary-type-classes-6.0.0.tgz#1db3f8c1247de018471e978fe4956a03eb62f464"
  dependencies:
    sanctuary-type-identifiers "1.0.x"

sanctuary-type-identifiers@1.0.x:
  version "1.0.0"
  resolved "https://registry.yarnpkg.com/sanctuary-type-identifiers/-/sanctuary-type-identifiers-1.0.0.tgz#e8f359f006cb5e624cfb8464603fc114608bde9f"

sanctuary-type-identifiers@2.0.x:
  version "2.0.1"
  resolved "https://registry.yarnpkg.com/sanctuary-type-identifiers/-/sanctuary-type-identifiers-2.0.1.tgz#fc524cf6dd92cebfcbb0dd9509eff193159a20ed"

signal-exit@^3.0.2:
  version "3.0.2"
  resolved "https://registry.yarnpkg.com/signal-exit/-/signal-exit-3.0.2.tgz#b5fdc08f1287ea1178628e415e25132b73646c6d"

source-map-support@^0.4.15:
  version "0.4.15"
  resolved "https://registry.yarnpkg.com/source-map-support/-/source-map-support-0.4.15.tgz#03202df65c06d2bd8c7ec2362a193056fef8d3b1"
  dependencies:
    source-map "^0.5.6"

source-map@^0.5.6:
  version "0.5.6"
  resolved "https://registry.yarnpkg.com/source-map/-/source-map-0.5.6.tgz#75ce38f52bf0733c5a7f0c118d81334a2bb5f412"

sprintf-js@~1.0.2:
  version "1.0.3"
  resolved "https://registry.yarnpkg.com/sprintf-js/-/sprintf-js-1.0.3.tgz#04e6926f662895354f3dd015203633b857297e2c"

string-width@^2.1.0:
  version "2.1.0"
  resolved "https://registry.yarnpkg.com/string-width/-/string-width-2.1.0.tgz#030664561fc146c9423ec7d978fe2457437fe6d0"
  dependencies:
    is-fullwidth-code-point "^2.0.0"
    strip-ansi "^4.0.0"

strip-ansi@^4.0.0:
  version "4.0.0"
  resolved "https://registry.yarnpkg.com/strip-ansi/-/strip-ansi-4.0.0.tgz#a8479022eb1ac368a871389b635262c505ee368f"
  dependencies:
    ansi-regex "^3.0.0"

supports-color@^4.0.0:
  version "4.2.0"
  resolved "https://registry.yarnpkg.com/supports-color/-/supports-color-4.2.0.tgz#ad986dc7eb2315d009b4d77c8169c2231a684037"
  dependencies:
    has-flag "^2.0.0"

swagger-client@^3.0.13:
  version "3.0.13"
  resolved "https://registry.yarnpkg.com/swagger-client/-/swagger-client-3.0.13.tgz#045dd0b0e81510577b908203f2467f15df473194"
  dependencies:
    babel-runtime "^6.23.0"
    btoa "1.1.2"
    deep-extend "^0.4.1"
    fast-json-patch "~1.1.8"
    isomorphic-fetch "2.2.1"
    isomorphic-form-data "0.0.1"
    js-yaml "^3.8.1"
    lodash "4.16.2"
    qs "^6.3.0"
    url "^0.11.0"

through@^2.3.6:
  version "2.3.8"
  resolved "https://registry.yarnpkg.com/through/-/through-2.3.8.tgz#0dd4c9ffaabc357960b1b724115d7e0e86a2e1f5"

timers-ext@0.1:
  version "0.1.2"
  resolved "https://registry.yarnpkg.com/timers-ext/-/timers-ext-0.1.2.tgz#61cc47a76c1abd3195f14527f978d58ae94c5204"
  dependencies:
    es5-ext "~0.10.14"
    next-tick "1"

tmp@^0.0.31:
  version "0.0.31"
  resolved "https://registry.yarnpkg.com/tmp/-/tmp-0.0.31.tgz#8f38ab9438e17315e5dbd8b3657e8bfb277ae4a7"
  dependencies:
    os-tmpdir "~1.0.1"

type-detect@^3.0.0:
  version "3.0.0"
  resolved "https://registry.yarnpkg.com/type-detect/-/type-detect-3.0.0.tgz#46d0cc8553abb7b13a352b0d6dea2fd58f2d9b55"

type-detect@^4.0.0:
  version "4.0.3"
  resolved "https://registry.yarnpkg.com/type-detect/-/type-detect-4.0.3.tgz#0e3f2670b44099b0b46c284d136a7ef49c74c2ea"

underscore@~1.4.4:
  version "1.4.4"
  resolved "https://registry.yarnpkg.com/underscore/-/underscore-1.4.4.tgz#61a6a32010622afa07963bf325203cf12239d604"

universalify@^0.1.0:
  version "0.1.0"
  resolved "https://registry.yarnpkg.com/universalify/-/universalify-0.1.0.tgz#9eb1c4651debcc670cc94f1a75762332bb967778"

url@^0.11.0:
  version "0.11.0"
  resolved "https://registry.yarnpkg.com/url/-/url-0.11.0.tgz#3838e97cfc60521eb73c525a8e55bfdd9e2e28f1"
  dependencies:
    punycode "1.3.2"
    querystring "0.2.0"

whatwg-fetch@>=0.10.0:
  version "2.0.3"
  resolved "https://registry.yarnpkg.com/whatwg-fetch/-/whatwg-fetch-2.0.3.tgz#9c84ec2dcf68187ff00bc64e1274b442176e1c84"

which@^1.2.9:
  version "1.2.14"
  resolved "https://registry.yarnpkg.com/which/-/which-1.2.14.tgz#9a87c4378f03e827cecaf1acdf56c736c01c14e5"
  dependencies:
    isexe "^2.0.0"

yallist@^2.0.0:
  version "2.1.2"
  resolved "https://registry.yarnpkg.com/yallist/-/yallist-2.1.2.tgz#1c11f9218f076089a47dd512f93c6699a6a81d52"
